// !$*UTF8*$!
{
	archiveVersion = 1;
	classes = {
	};
	objectVersion = 56;
	objects = {

/* Begin PBXBuildFile section */
		D067AD712AE8477200667162 /* BarrierApp.swift in Sources */ = {isa = PBXBuildFile; fileRef = D067AD702AE8477200667162 /* BarrierApp.swift */; };
		D067AD732AE8477200667162 /* ContentView.swift in Sources */ = {isa = PBXBuildFile; fileRef = D067AD722AE8477200667162 /* ContentView.swift */; };
		D067AD752AE8477400667162 /* Assets.xcassets in Resources */ = {isa = PBXBuildFile; fileRef = D067AD742AE8477400667162 /* Assets.xcassets */; };
		D067AD782AE8477400667162 /* Preview Assets.xcassets in Resources */ = {isa = PBXBuildFile; fileRef = D067AD772AE8477400667162 /* Preview Assets.xcassets */; };
		D067AD822AE8477400667162 /* BarrierTests.swift in Sources */ = {isa = PBXBuildFile; fileRef = D067AD812AE8477400667162 /* BarrierTests.swift */; };
		D067AD8C2AE8477400667162 /* BarrierUITests.swift in Sources */ = {isa = PBXBuildFile; fileRef = D067AD8B2AE8477400667162 /* BarrierUITests.swift */; };
		D067AD8E2AE8477400667162 /* BarrierUITestsLaunchTests.swift in Sources */ = {isa = PBXBuildFile; fileRef = D067AD8D2AE8477400667162 /* BarrierUITestsLaunchTests.swift */; };
		D067AD9C2AE8489E00667162 /* MySchedule.swift in Sources */ = {isa = PBXBuildFile; fileRef = D067AD9B2AE8489E00667162 /* MySchedule.swift */; };
		D067AD9E2AE848A700667162 /* MyModel.swift in Sources */ = {isa = PBXBuildFile; fileRef = D067AD9D2AE848A700667162 /* MyModel.swift */; };
		D0971A102AE8B62100EEA414 /* Colors.swift in Sources */ = {isa = PBXBuildFile; fileRef = D0971A0F2AE8B62100EEA414 /* Colors.swift */; };
		D0AE839F2B007FD900BE514C /* DeviceActivity.framework in Frameworks */ = {isa = PBXBuildFile; fileRef = D099CE382AF362F30046C602 /* DeviceActivity.framework */; };
		D0AE83A22B007FD900BE514C /* DeviceActivityMonitorExtension.swift in Sources */ = {isa = PBXBuildFile; fileRef = D0AE83A12B007FD900BE514C /* DeviceActivityMonitorExtension.swift */; };
		D0AE83A72B007FD900BE514C /* DeviceActivityMonitorExtension.appex in Embed Foundation Extensions */ = {isa = PBXBuildFile; fileRef = D0AE839E2B007FD900BE514C /* DeviceActivityMonitorExtension.appex */; settings = {ATTRIBUTES = (RemoveHeadersOnCopy, ); }; };
		D0AE83AB2B007FE400BE514C /* DeviceActivityMonitorExtension.swift in Sources */ = {isa = PBXBuildFile; fileRef = D0AE83A12B007FD900BE514C /* DeviceActivityMonitorExtension.swift */; };
/* End PBXBuildFile section */

/* Begin PBXContainerItemProxy section */
		D067AD7E2AE8477400667162 /* PBXContainerItemProxy */ = {
			isa = PBXContainerItemProxy;
			containerPortal = D067AD652AE8477200667162 /* Project object */;
			proxyType = 1;
			remoteGlobalIDString = D067AD6C2AE8477200667162;
			remoteInfo = Barrier;
		};
		D067AD882AE8477400667162 /* PBXContainerItemProxy */ = {
			isa = PBXContainerItemProxy;
			containerPortal = D067AD652AE8477200667162 /* Project object */;
			proxyType = 1;
			remoteGlobalIDString = D067AD6C2AE8477200667162;
			remoteInfo = Barrier;
		};
		D0AE83A52B007FD900BE514C /* PBXContainerItemProxy */ = {
			isa = PBXContainerItemProxy;
			containerPortal = D067AD652AE8477200667162 /* Project object */;
			proxyType = 1;
			remoteGlobalIDString = D0AE839D2B007FD900BE514C;
			remoteInfo = DeviceActivityMonitorExtension;
		};
/* End PBXContainerItemProxy section */

/* Begin PBXCopyFilesBuildPhase section */
		D099CE422AF362F30046C602 /* Embed Foundation Extensions */ = {
			isa = PBXCopyFilesBuildPhase;
			buildActionMask = 2147483647;
			dstPath = "";
			dstSubfolderSpec = 13;
			files = (
				D0AE83A72B007FD900BE514C /* DeviceActivityMonitorExtension.appex in Embed Foundation Extensions */,
			);
			name = "Embed Foundation Extensions";
			runOnlyForDeploymentPostprocessing = 0;
		};
/* End PBXCopyFilesBuildPhase section */

/* Begin PBXFileReference section */
		D05BF7772AF357AE007919BF /* Info.plist */ = {isa = PBXFileReference; lastKnownFileType = text.plist; path = Info.plist; sourceTree = "<group>"; };
		D067AD6D2AE8477200667162 /* Barrier.app */ = {isa = PBXFileReference; explicitFileType = wrapper.application; includeInIndex = 0; path = Barrier.app; sourceTree = BUILT_PRODUCTS_DIR; };
		D067AD702AE8477200667162 /* BarrierApp.swift */ = {isa = PBXFileReference; lastKnownFileType = sourcecode.swift; path = BarrierApp.swift; sourceTree = "<group>"; };
		D067AD722AE8477200667162 /* ContentView.swift */ = {isa = PBXFileReference; lastKnownFileType = sourcecode.swift; path = ContentView.swift; sourceTree = "<group>"; };
		D067AD742AE8477400667162 /* Assets.xcassets */ = {isa = PBXFileReference; lastKnownFileType = folder.assetcatalog; path = Assets.xcassets; sourceTree = "<group>"; };
		D067AD772AE8477400667162 /* Preview Assets.xcassets */ = {isa = PBXFileReference; lastKnownFileType = folder.assetcatalog; path = "Preview Assets.xcassets"; sourceTree = "<group>"; };
		D067AD7D2AE8477400667162 /* BarrierTests.xctest */ = {isa = PBXFileReference; explicitFileType = wrapper.cfbundle; includeInIndex = 0; path = BarrierTests.xctest; sourceTree = BUILT_PRODUCTS_DIR; };
		D067AD812AE8477400667162 /* BarrierTests.swift */ = {isa = PBXFileReference; lastKnownFileType = sourcecode.swift; path = BarrierTests.swift; sourceTree = "<group>"; };
		D067AD872AE8477400667162 /* BarrierUITests.xctest */ = {isa = PBXFileReference; explicitFileType = wrapper.cfbundle; includeInIndex = 0; path = BarrierUITests.xctest; sourceTree = BUILT_PRODUCTS_DIR; };
		D067AD8B2AE8477400667162 /* BarrierUITests.swift */ = {isa = PBXFileReference; lastKnownFileType = sourcecode.swift; path = BarrierUITests.swift; sourceTree = "<group>"; };
		D067AD8D2AE8477400667162 /* BarrierUITestsLaunchTests.swift */ = {isa = PBXFileReference; lastKnownFileType = sourcecode.swift; path = BarrierUITestsLaunchTests.swift; sourceTree = "<group>"; };
		D067AD9A2AE847E700667162 /* Barrier.entitlements */ = {isa = PBXFileReference; lastKnownFileType = text.plist.entitlements; path = Barrier.entitlements; sourceTree = "<group>"; };
		D067AD9B2AE8489E00667162 /* MySchedule.swift */ = {isa = PBXFileReference; lastKnownFileType = sourcecode.swift; path = MySchedule.swift; sourceTree = "<group>"; };
		D067AD9D2AE848A700667162 /* MyModel.swift */ = {isa = PBXFileReference; lastKnownFileType = sourcecode.swift; path = MyModel.swift; sourceTree = "<group>"; };
		D0971A0F2AE8B62100EEA414 /* Colors.swift */ = {isa = PBXFileReference; lastKnownFileType = sourcecode.swift; path = Colors.swift; sourceTree = "<group>"; };
		D099CE382AF362F30046C602 /* DeviceActivity.framework */ = {isa = PBXFileReference; lastKnownFileType = wrapper.framework; name = DeviceActivity.framework; path = System/Library/Frameworks/DeviceActivity.framework; sourceTree = SDKROOT; };
		D0AE839E2B007FD900BE514C /* DeviceActivityMonitorExtension.appex */ = {isa = PBXFileReference; explicitFileType = "wrapper.app-extension"; includeInIndex = 0; path = DeviceActivityMonitorExtension.appex; sourceTree = BUILT_PRODUCTS_DIR; };
		D0AE83A12B007FD900BE514C /* DeviceActivityMonitorExtension.swift */ = {isa = PBXFileReference; lastKnownFileType = sourcecode.swift; path = DeviceActivityMonitorExtension.swift; sourceTree = "<group>"; };
		D0AE83A32B007FD900BE514C /* Info.plist */ = {isa = PBXFileReference; lastKnownFileType = text.plist.xml; path = Info.plist; sourceTree = "<group>"; };
		D0AE83A42B007FD900BE514C /* DeviceActivityMonitorExtension.entitlements */ = {isa = PBXFileReference; lastKnownFileType = text.plist.entitlements; path = DeviceActivityMonitorExtension.entitlements; sourceTree = "<group>"; };
/* End PBXFileReference section */

/* Begin PBXFrameworksBuildPhase section */
		D067AD6A2AE8477200667162 /* Frameworks */ = {
			isa = PBXFrameworksBuildPhase;
			buildActionMask = 2147483647;
			files = (
			);
			runOnlyForDeploymentPostprocessing = 0;
		};
		D067AD7A2AE8477400667162 /* Frameworks */ = {
			isa = PBXFrameworksBuildPhase;
			buildActionMask = 2147483647;
			files = (
			);
			runOnlyForDeploymentPostprocessing = 0;
		};
		D067AD842AE8477400667162 /* Frameworks */ = {
			isa = PBXFrameworksBuildPhase;
			buildActionMask = 2147483647;
			files = (
			);
			runOnlyForDeploymentPostprocessing = 0;
		};
		D0AE839B2B007FD900BE514C /* Frameworks */ = {
			isa = PBXFrameworksBuildPhase;
			buildActionMask = 2147483647;
			files = (
				D0AE839F2B007FD900BE514C /* DeviceActivity.framework in Frameworks */,
			);
			runOnlyForDeploymentPostprocessing = 0;
		};
/* End PBXFrameworksBuildPhase section */

/* Begin PBXGroup section */
		D067AD642AE8477200667162 = {
			isa = PBXGroup;
			children = (
				D067AD6F2AE8477200667162 /* Barrier */,
				D067AD802AE8477400667162 /* BarrierTests */,
				D067AD8A2AE8477400667162 /* BarrierUITests */,
				D0AE83A02B007FD900BE514C /* DeviceActivityMonitorExtension */,
				D099CE372AF362F30046C602 /* Frameworks */,
				D067AD6E2AE8477200667162 /* Products */,
			);
			sourceTree = "<group>";
		};
		D067AD6E2AE8477200667162 /* Products */ = {
			isa = PBXGroup;
			children = (
				D067AD6D2AE8477200667162 /* Barrier.app */,
				D067AD7D2AE8477400667162 /* BarrierTests.xctest */,
				D067AD872AE8477400667162 /* BarrierUITests.xctest */,
				D0AE839E2B007FD900BE514C /* DeviceActivityMonitorExtension.appex */,
			);
			name = Products;
			sourceTree = "<group>";
		};
		D067AD6F2AE8477200667162 /* Barrier */ = {
			isa = PBXGroup;
			children = (
				D05BF7772AF357AE007919BF /* Info.plist */,
				D067AD9A2AE847E700667162 /* Barrier.entitlements */,
				D067AD702AE8477200667162 /* BarrierApp.swift */,
				D067AD722AE8477200667162 /* ContentView.swift */,
				D067AD9B2AE8489E00667162 /* MySchedule.swift */,
				D067AD9D2AE848A700667162 /* MyModel.swift */,
				D0971A0F2AE8B62100EEA414 /* Colors.swift */,
				D067AD742AE8477400667162 /* Assets.xcassets */,
				D067AD762AE8477400667162 /* Preview Content */,
			);
			path = Barrier;
			sourceTree = "<group>";
		};
		D067AD762AE8477400667162 /* Preview Content */ = {
			isa = PBXGroup;
			children = (
				D067AD772AE8477400667162 /* Preview Assets.xcassets */,
			);
			path = "Preview Content";
			sourceTree = "<group>";
		};
		D067AD802AE8477400667162 /* BarrierTests */ = {
			isa = PBXGroup;
			children = (
				D067AD812AE8477400667162 /* BarrierTests.swift */,
			);
			path = BarrierTests;
			sourceTree = "<group>";
		};
		D067AD8A2AE8477400667162 /* BarrierUITests */ = {
			isa = PBXGroup;
			children = (
				D067AD8B2AE8477400667162 /* BarrierUITests.swift */,
				D067AD8D2AE8477400667162 /* BarrierUITestsLaunchTests.swift */,
			);
			path = BarrierUITests;
			sourceTree = "<group>";
		};
		D099CE372AF362F30046C602 /* Frameworks */ = {
			isa = PBXGroup;
			children = (
				D099CE382AF362F30046C602 /* DeviceActivity.framework */,
			);
			name = Frameworks;
			sourceTree = "<group>";
		};
		D0AE83A02B007FD900BE514C /* DeviceActivityMonitorExtension */ = {
			isa = PBXGroup;
			children = (
				D0AE83A12B007FD900BE514C /* DeviceActivityMonitorExtension.swift */,
				D0AE83A32B007FD900BE514C /* Info.plist */,
				D0AE83A42B007FD900BE514C /* DeviceActivityMonitorExtension.entitlements */,
			);
			path = DeviceActivityMonitorExtension;
			sourceTree = "<group>";
		};
/* End PBXGroup section */

/* Begin PBXNativeTarget section */
		D067AD6C2AE8477200667162 /* Barrier */ = {
			isa = PBXNativeTarget;
			buildConfigurationList = D067AD912AE8477400667162 /* Build configuration list for PBXNativeTarget "Barrier" */;
			buildPhases = (
				D067AD692AE8477200667162 /* Sources */,
				D067AD6A2AE8477200667162 /* Frameworks */,
				D067AD6B2AE8477200667162 /* Resources */,
				D099CE422AF362F30046C602 /* Embed Foundation Extensions */,
			);
			buildRules = (
			);
			dependencies = (
				D0AE83A62B007FD900BE514C /* PBXTargetDependency */,
			);
			name = Barrier;
			productName = Barrier;
			productReference = D067AD6D2AE8477200667162 /* Barrier.app */;
			productType = "com.apple.product-type.application";
		};
		D067AD7C2AE8477400667162 /* BarrierTests */ = {
			isa = PBXNativeTarget;
			buildConfigurationList = D067AD942AE8477400667162 /* Build configuration list for PBXNativeTarget "BarrierTests" */;
			buildPhases = (
				D067AD792AE8477400667162 /* Sources */,
				D067AD7A2AE8477400667162 /* Frameworks */,
				D067AD7B2AE8477400667162 /* Resources */,
			);
			buildRules = (
			);
			dependencies = (
				D067AD7F2AE8477400667162 /* PBXTargetDependency */,
			);
			name = BarrierTests;
			productName = BarrierTests;
			productReference = D067AD7D2AE8477400667162 /* BarrierTests.xctest */;
			productType = "com.apple.product-type.bundle.unit-test";
		};
		D067AD862AE8477400667162 /* BarrierUITests */ = {
			isa = PBXNativeTarget;
			buildConfigurationList = D067AD972AE8477400667162 /* Build configuration list for PBXNativeTarget "BarrierUITests" */;
			buildPhases = (
				D067AD832AE8477400667162 /* Sources */,
				D067AD842AE8477400667162 /* Frameworks */,
				D067AD852AE8477400667162 /* Resources */,
			);
			buildRules = (
			);
			dependencies = (
				D067AD892AE8477400667162 /* PBXTargetDependency */,
			);
			name = BarrierUITests;
			productName = BarrierUITests;
			productReference = D067AD872AE8477400667162 /* BarrierUITests.xctest */;
			productType = "com.apple.product-type.bundle.ui-testing";
		};
		D0AE839D2B007FD900BE514C /* DeviceActivityMonitorExtension */ = {
			isa = PBXNativeTarget;
			buildConfigurationList = D0AE83A82B007FD900BE514C /* Build configuration list for PBXNativeTarget "DeviceActivityMonitorExtension" */;
			buildPhases = (
				D0AE839A2B007FD900BE514C /* Sources */,
				D0AE839B2B007FD900BE514C /* Frameworks */,
				D0AE839C2B007FD900BE514C /* Resources */,
			);
			buildRules = (
			);
			dependencies = (
			);
			name = DeviceActivityMonitorExtension;
			productName = DeviceActivityMonitorExtension;
			productReference = D0AE839E2B007FD900BE514C /* DeviceActivityMonitorExtension.appex */;
			productType = "com.apple.product-type.app-extension";
		};
/* End PBXNativeTarget section */

/* Begin PBXProject section */
		D067AD652AE8477200667162 /* Project object */ = {
			isa = PBXProject;
			attributes = {
				BuildIndependentTargetsInParallel = 1;
				LastSwiftUpdateCheck = 1500;
				LastUpgradeCheck = 1500;
				TargetAttributes = {
					D067AD6C2AE8477200667162 = {
						CreatedOnToolsVersion = 15.0;
					};
					D067AD7C2AE8477400667162 = {
						CreatedOnToolsVersion = 15.0;
						TestTargetID = D067AD6C2AE8477200667162;
					};
					D067AD862AE8477400667162 = {
						CreatedOnToolsVersion = 15.0;
						TestTargetID = D067AD6C2AE8477200667162;
					};
					D0AE839D2B007FD900BE514C = {
						CreatedOnToolsVersion = 15.0;
					};
				};
			};
			buildConfigurationList = D067AD682AE8477200667162 /* Build configuration list for PBXProject "Barrier" */;
			compatibilityVersion = "Xcode 14.0";
			developmentRegion = en;
			hasScannedForEncodings = 0;
			knownRegions = (
				en,
				Base,
			);
			mainGroup = D067AD642AE8477200667162;
			productRefGroup = D067AD6E2AE8477200667162 /* Products */;
			projectDirPath = "";
			projectRoot = "";
			targets = (
				D067AD6C2AE8477200667162 /* Barrier */,
				D067AD7C2AE8477400667162 /* BarrierTests */,
				D067AD862AE8477400667162 /* BarrierUITests */,
				D0AE839D2B007FD900BE514C /* DeviceActivityMonitorExtension */,
			);
		};
/* End PBXProject section */

/* Begin PBXResourcesBuildPhase section */
		D067AD6B2AE8477200667162 /* Resources */ = {
			isa = PBXResourcesBuildPhase;
			buildActionMask = 2147483647;
			files = (
				D067AD782AE8477400667162 /* Preview Assets.xcassets in Resources */,
				D067AD752AE8477400667162 /* Assets.xcassets in Resources */,
			);
			runOnlyForDeploymentPostprocessing = 0;
		};
		D067AD7B2AE8477400667162 /* Resources */ = {
			isa = PBXResourcesBuildPhase;
			buildActionMask = 2147483647;
			files = (
			);
			runOnlyForDeploymentPostprocessing = 0;
		};
		D067AD852AE8477400667162 /* Resources */ = {
			isa = PBXResourcesBuildPhase;
			buildActionMask = 2147483647;
			files = (
			);
			runOnlyForDeploymentPostprocessing = 0;
		};
		D0AE839C2B007FD900BE514C /* Resources */ = {
			isa = PBXResourcesBuildPhase;
			buildActionMask = 2147483647;
			files = (
			);
			runOnlyForDeploymentPostprocessing = 0;
		};
/* End PBXResourcesBuildPhase section */

/* Begin PBXSourcesBuildPhase section */
		D067AD692AE8477200667162 /* Sources */ = {
			isa = PBXSourcesBuildPhase;
			buildActionMask = 2147483647;
			files = (
				D067AD732AE8477200667162 /* ContentView.swift in Sources */,
				D0971A102AE8B62100EEA414 /* Colors.swift in Sources */,
				D0AE83AB2B007FE400BE514C /* DeviceActivityMonitorExtension.swift in Sources */,
				D067AD712AE8477200667162 /* BarrierApp.swift in Sources */,
				D067AD9C2AE8489E00667162 /* MySchedule.swift in Sources */,
				D067AD9E2AE848A700667162 /* MyModel.swift in Sources */,
			);
			runOnlyForDeploymentPostprocessing = 0;
		};
		D067AD792AE8477400667162 /* Sources */ = {
			isa = PBXSourcesBuildPhase;
			buildActionMask = 2147483647;
			files = (
				D067AD822AE8477400667162 /* BarrierTests.swift in Sources */,
			);
			runOnlyForDeploymentPostprocessing = 0;
		};
		D067AD832AE8477400667162 /* Sources */ = {
			isa = PBXSourcesBuildPhase;
			buildActionMask = 2147483647;
			files = (
				D067AD8E2AE8477400667162 /* BarrierUITestsLaunchTests.swift in Sources */,
				D067AD8C2AE8477400667162 /* BarrierUITests.swift in Sources */,
			);
			runOnlyForDeploymentPostprocessing = 0;
		};
		D0AE839A2B007FD900BE514C /* Sources */ = {
			isa = PBXSourcesBuildPhase;
			buildActionMask = 2147483647;
			files = (
				D0AE83A22B007FD900BE514C /* DeviceActivityMonitorExtension.swift in Sources */,
			);
			runOnlyForDeploymentPostprocessing = 0;
		};
/* End PBXSourcesBuildPhase section */

/* Begin PBXTargetDependency section */
		D067AD7F2AE8477400667162 /* PBXTargetDependency */ = {
			isa = PBXTargetDependency;
			target = D067AD6C2AE8477200667162 /* Barrier */;
			targetProxy = D067AD7E2AE8477400667162 /* PBXContainerItemProxy */;
		};
		D067AD892AE8477400667162 /* PBXTargetDependency */ = {
			isa = PBXTargetDependency;
			target = D067AD6C2AE8477200667162 /* Barrier */;
			targetProxy = D067AD882AE8477400667162 /* PBXContainerItemProxy */;
		};
		D0AE83A62B007FD900BE514C /* PBXTargetDependency */ = {
			isa = PBXTargetDependency;
			target = D0AE839D2B007FD900BE514C /* DeviceActivityMonitorExtension */;
			targetProxy = D0AE83A52B007FD900BE514C /* PBXContainerItemProxy */;
		};
/* End PBXTargetDependency section */

/* Begin XCBuildConfiguration section */
		D067AD8F2AE8477400667162 /* Debug */ = {
			isa = XCBuildConfiguration;
			buildSettings = {
				ALWAYS_SEARCH_USER_PATHS = NO;
				ASSETCATALOG_COMPILER_GENERATE_SWIFT_ASSET_SYMBOL_EXTENSIONS = YES;
				CLANG_ANALYZER_NONNULL = YES;
				CLANG_ANALYZER_NUMBER_OBJECT_CONVERSION = YES_AGGRESSIVE;
				CLANG_CXX_LANGUAGE_STANDARD = "gnu++20";
				CLANG_ENABLE_MODULES = YES;
				CLANG_ENABLE_OBJC_ARC = YES;
				CLANG_ENABLE_OBJC_WEAK = YES;
				CLANG_WARN_BLOCK_CAPTURE_AUTORELEASING = YES;
				CLANG_WARN_BOOL_CONVERSION = YES;
				CLANG_WARN_COMMA = YES;
				CLANG_WARN_CONSTANT_CONVERSION = YES;
				CLANG_WARN_DEPRECATED_OBJC_IMPLEMENTATIONS = YES;
				CLANG_WARN_DIRECT_OBJC_ISA_USAGE = YES_ERROR;
				CLANG_WARN_DOCUMENTATION_COMMENTS = YES;
				CLANG_WARN_EMPTY_BODY = YES;
				CLANG_WARN_ENUM_CONVERSION = YES;
				CLANG_WARN_INFINITE_RECURSION = YES;
				CLANG_WARN_INT_CONVERSION = YES;
				CLANG_WARN_NON_LITERAL_NULL_CONVERSION = YES;
				CLANG_WARN_OBJC_IMPLICIT_RETAIN_SELF = YES;
				CLANG_WARN_OBJC_LITERAL_CONVERSION = YES;
				CLANG_WARN_OBJC_ROOT_CLASS = YES_ERROR;
				CLANG_WARN_QUOTED_INCLUDE_IN_FRAMEWORK_HEADER = YES;
				CLANG_WARN_RANGE_LOOP_ANALYSIS = YES;
				CLANG_WARN_STRICT_PROTOTYPES = YES;
				CLANG_WARN_SUSPICIOUS_MOVE = YES;
				CLANG_WARN_UNGUARDED_AVAILABILITY = YES_AGGRESSIVE;
				CLANG_WARN_UNREACHABLE_CODE = YES;
				CLANG_WARN__DUPLICATE_METHOD_MATCH = YES;
				COPY_PHASE_STRIP = NO;
				DEBUG_INFORMATION_FORMAT = dwarf;
				ENABLE_STRICT_OBJC_MSGSEND = YES;
				ENABLE_TESTABILITY = YES;
				ENABLE_USER_SCRIPT_SANDBOXING = YES;
				GCC_C_LANGUAGE_STANDARD = gnu17;
				GCC_DYNAMIC_NO_PIC = NO;
				GCC_NO_COMMON_BLOCKS = YES;
				GCC_OPTIMIZATION_LEVEL = 0;
				GCC_PREPROCESSOR_DEFINITIONS = (
					"DEBUG=1",
					"$(inherited)",
				);
				GCC_WARN_64_TO_32_BIT_CONVERSION = YES;
				GCC_WARN_ABOUT_RETURN_TYPE = YES_ERROR;
				GCC_WARN_UNDECLARED_SELECTOR = YES;
				GCC_WARN_UNINITIALIZED_AUTOS = YES_AGGRESSIVE;
				GCC_WARN_UNUSED_FUNCTION = YES;
				GCC_WARN_UNUSED_VARIABLE = YES;
				IPHONEOS_DEPLOYMENT_TARGET = 17.0;
				LOCALIZATION_PREFERS_STRING_CATALOGS = YES;
				MTL_ENABLE_DEBUG_INFO = INCLUDE_SOURCE;
				MTL_FAST_MATH = YES;
				ONLY_ACTIVE_ARCH = YES;
				SDKROOT = iphoneos;
				SWIFT_ACTIVE_COMPILATION_CONDITIONS = "DEBUG $(inherited)";
				SWIFT_OPTIMIZATION_LEVEL = "-Onone";
			};
			name = Debug;
		};
		D067AD902AE8477400667162 /* Release */ = {
			isa = XCBuildConfiguration;
			buildSettings = {
				ALWAYS_SEARCH_USER_PATHS = NO;
				ASSETCATALOG_COMPILER_GENERATE_SWIFT_ASSET_SYMBOL_EXTENSIONS = YES;
				CLANG_ANALYZER_NONNULL = YES;
				CLANG_ANALYZER_NUMBER_OBJECT_CONVERSION = YES_AGGRESSIVE;
				CLANG_CXX_LANGUAGE_STANDARD = "gnu++20";
				CLANG_ENABLE_MODULES = YES;
				CLANG_ENABLE_OBJC_ARC = YES;
				CLANG_ENABLE_OBJC_WEAK = YES;
				CLANG_WARN_BLOCK_CAPTURE_AUTORELEASING = YES;
				CLANG_WARN_BOOL_CONVERSION = YES;
				CLANG_WARN_COMMA = YES;
				CLANG_WARN_CONSTANT_CONVERSION = YES;
				CLANG_WARN_DEPRECATED_OBJC_IMPLEMENTATIONS = YES;
				CLANG_WARN_DIRECT_OBJC_ISA_USAGE = YES_ERROR;
				CLANG_WARN_DOCUMENTATION_COMMENTS = YES;
				CLANG_WARN_EMPTY_BODY = YES;
				CLANG_WARN_ENUM_CONVERSION = YES;
				CLANG_WARN_INFINITE_RECURSION = YES;
				CLANG_WARN_INT_CONVERSION = YES;
				CLANG_WARN_NON_LITERAL_NULL_CONVERSION = YES;
				CLANG_WARN_OBJC_IMPLICIT_RETAIN_SELF = YES;
				CLANG_WARN_OBJC_LITERAL_CONVERSION = YES;
				CLANG_WARN_OBJC_ROOT_CLASS = YES_ERROR;
				CLANG_WARN_QUOTED_INCLUDE_IN_FRAMEWORK_HEADER = YES;
				CLANG_WARN_RANGE_LOOP_ANALYSIS = YES;
				CLANG_WARN_STRICT_PROTOTYPES = YES;
				CLANG_WARN_SUSPICIOUS_MOVE = YES;
				CLANG_WARN_UNGUARDED_AVAILABILITY = YES_AGGRESSIVE;
				CLANG_WARN_UNREACHABLE_CODE = YES;
				CLANG_WARN__DUPLICATE_METHOD_MATCH = YES;
				COPY_PHASE_STRIP = NO;
				DEBUG_INFORMATION_FORMAT = "dwarf-with-dsym";
				ENABLE_NS_ASSERTIONS = NO;
				ENABLE_STRICT_OBJC_MSGSEND = YES;
				ENABLE_USER_SCRIPT_SANDBOXING = YES;
				GCC_C_LANGUAGE_STANDARD = gnu17;
				GCC_NO_COMMON_BLOCKS = YES;
				GCC_WARN_64_TO_32_BIT_CONVERSION = YES;
				GCC_WARN_ABOUT_RETURN_TYPE = YES_ERROR;
				GCC_WARN_UNDECLARED_SELECTOR = YES;
				GCC_WARN_UNINITIALIZED_AUTOS = YES_AGGRESSIVE;
				GCC_WARN_UNUSED_FUNCTION = YES;
				GCC_WARN_UNUSED_VARIABLE = YES;
				IPHONEOS_DEPLOYMENT_TARGET = 17.0;
				LOCALIZATION_PREFERS_STRING_CATALOGS = YES;
				MTL_ENABLE_DEBUG_INFO = NO;
				MTL_FAST_MATH = YES;
				SDKROOT = iphoneos;
				SWIFT_COMPILATION_MODE = wholemodule;
				VALIDATE_PRODUCT = YES;
			};
			name = Release;
		};
		D067AD922AE8477400667162 /* Debug */ = {
			isa = XCBuildConfiguration;
			buildSettings = {
				ALWAYS_EMBED_SWIFT_STANDARD_LIBRARIES = YES;
				ASSETCATALOG_COMPILER_APPICON_NAME = AppIcon;
				ASSETCATALOG_COMPILER_GLOBAL_ACCENT_COLOR_NAME = AccentColor;
				CODE_SIGN_ENTITLEMENTS = Barrier/Barrier.entitlements;
				CODE_SIGN_STYLE = Automatic;
				CURRENT_PROJECT_VERSION = 1;
				DEVELOPMENT_ASSET_PATHS = "\"Barrier/Preview Content\"";
				DEVELOPMENT_TEAM = 3L56DRQ363;
				ENABLE_PREVIEWS = YES;
				GENERATE_INFOPLIST_FILE = YES;
				INFOPLIST_FILE = Barrier/Info.plist;
				INFOPLIST_KEY_UIApplicationSceneManifest_Generation = YES;
				INFOPLIST_KEY_UIApplicationSupportsIndirectInputEvents = YES;
				INFOPLIST_KEY_UILaunchScreen_Generation = YES;
				INFOPLIST_KEY_UISupportedInterfaceOrientations = UIInterfaceOrientationPortrait;
				IPHONEOS_DEPLOYMENT_TARGET = 16.0;
				LD_RUNPATH_SEARCH_PATHS = (
					"$(inherited)",
					"@executable_path/Frameworks",
				);
				MARKETING_VERSION = 1.0;
				PRODUCT_BUNDLE_IDENTIFIER = com.Haplo.Barrier;
				PRODUCT_NAME = "$(TARGET_NAME)";
				SUPPORTED_PLATFORMS = "iphoneos iphonesimulator";
				SUPPORTS_MACCATALYST = NO;
				SUPPORTS_MAC_DESIGNED_FOR_IPHONE_IPAD = NO;
				SWIFT_EMIT_LOC_STRINGS = YES;
				SWIFT_VERSION = 5.0;
				TARGETED_DEVICE_FAMILY = "1,2";
			};
			name = Debug;
		};
		D067AD932AE8477400667162 /* Release */ = {
			isa = XCBuildConfiguration;
			buildSettings = {
				ALWAYS_EMBED_SWIFT_STANDARD_LIBRARIES = YES;
				ASSETCATALOG_COMPILER_APPICON_NAME = AppIcon;
				ASSETCATALOG_COMPILER_GLOBAL_ACCENT_COLOR_NAME = AccentColor;
				CODE_SIGN_ENTITLEMENTS = Barrier/Barrier.entitlements;
				CODE_SIGN_STYLE = Automatic;
				CURRENT_PROJECT_VERSION = 1;
				DEVELOPMENT_ASSET_PATHS = "\"Barrier/Preview Content\"";
				DEVELOPMENT_TEAM = 3L56DRQ363;
				ENABLE_PREVIEWS = YES;
				GENERATE_INFOPLIST_FILE = YES;
				INFOPLIST_FILE = Barrier/Info.plist;
				INFOPLIST_KEY_UIApplicationSceneManifest_Generation = YES;
				INFOPLIST_KEY_UIApplicationSupportsIndirectInputEvents = YES;
				INFOPLIST_KEY_UILaunchScreen_Generation = YES;
				INFOPLIST_KEY_UISupportedInterfaceOrientations = UIInterfaceOrientationPortrait;
				IPHONEOS_DEPLOYMENT_TARGET = 16.0;
				LD_RUNPATH_SEARCH_PATHS = (
					"$(inherited)",
					"@executable_path/Frameworks",
				);
				MARKETING_VERSION = 1.0;
				PRODUCT_BUNDLE_IDENTIFIER = com.Haplo.Barrier;
				PRODUCT_NAME = "$(TARGET_NAME)";
				SUPPORTED_PLATFORMS = "iphoneos iphonesimulator";
				SUPPORTS_MACCATALYST = NO;
				SUPPORTS_MAC_DESIGNED_FOR_IPHONE_IPAD = NO;
				SWIFT_EMIT_LOC_STRINGS = YES;
				SWIFT_VERSION = 5.0;
				TARGETED_DEVICE_FAMILY = "1,2";
			};
			name = Release;
		};
		D067AD952AE8477400667162 /* Debug */ = {
			isa = XCBuildConfiguration;
			buildSettings = {
				ALWAYS_EMBED_SWIFT_STANDARD_LIBRARIES = YES;
				BUNDLE_LOADER = "$(TEST_HOST)";
				CODE_SIGN_STYLE = Automatic;
				CURRENT_PROJECT_VERSION = 1;
				DEVELOPMENT_TEAM = 3L56DRQ363;
				GENERATE_INFOPLIST_FILE = YES;
				IPHONEOS_DEPLOYMENT_TARGET = 17.0;
				MARKETING_VERSION = 1.0;
				PRODUCT_BUNDLE_IDENTIFIER = com.Haplo.BarrierTests;
				PRODUCT_NAME = "$(TARGET_NAME)";
				SWIFT_EMIT_LOC_STRINGS = NO;
				SWIFT_VERSION = 5.0;
				TARGETED_DEVICE_FAMILY = "1,2";
				TEST_HOST = "$(BUILT_PRODUCTS_DIR)/Barrier.app/$(BUNDLE_EXECUTABLE_FOLDER_PATH)/Barrier";
			};
			name = Debug;
		};
		D067AD962AE8477400667162 /* Release */ = {
			isa = XCBuildConfiguration;
			buildSettings = {
				ALWAYS_EMBED_SWIFT_STANDARD_LIBRARIES = YES;
				BUNDLE_LOADER = "$(TEST_HOST)";
				CODE_SIGN_STYLE = Automatic;
				CURRENT_PROJECT_VERSION = 1;
				DEVELOPMENT_TEAM = 3L56DRQ363;
				GENERATE_INFOPLIST_FILE = YES;
				IPHONEOS_DEPLOYMENT_TARGET = 17.0;
				MARKETING_VERSION = 1.0;
				PRODUCT_BUNDLE_IDENTIFIER = com.Haplo.BarrierTests;
				PRODUCT_NAME = "$(TARGET_NAME)";
				SWIFT_EMIT_LOC_STRINGS = NO;
				SWIFT_VERSION = 5.0;
				TARGETED_DEVICE_FAMILY = "1,2";
				TEST_HOST = "$(BUILT_PRODUCTS_DIR)/Barrier.app/$(BUNDLE_EXECUTABLE_FOLDER_PATH)/Barrier";
			};
			name = Release;
		};
		D067AD982AE8477400667162 /* Debug */ = {
			isa = XCBuildConfiguration;
			buildSettings = {
				ALWAYS_EMBED_SWIFT_STANDARD_LIBRARIES = YES;
				CODE_SIGN_STYLE = Automatic;
				CURRENT_PROJECT_VERSION = 1;
				DEVELOPMENT_TEAM = 3L56DRQ363;
				GENERATE_INFOPLIST_FILE = YES;
				MARKETING_VERSION = 1.0;
				PRODUCT_BUNDLE_IDENTIFIER = com.Haplo.BarrierUITests;
				PRODUCT_NAME = "$(TARGET_NAME)";
				SWIFT_EMIT_LOC_STRINGS = NO;
				SWIFT_VERSION = 5.0;
				TARGETED_DEVICE_FAMILY = "1,2";
				TEST_TARGET_NAME = Barrier;
			};
			name = Debug;
		};
		D067AD992AE8477400667162 /* Release */ = {
			isa = XCBuildConfiguration;
			buildSettings = {
				ALWAYS_EMBED_SWIFT_STANDARD_LIBRARIES = YES;
				CODE_SIGN_STYLE = Automatic;
				CURRENT_PROJECT_VERSION = 1;
				DEVELOPMENT_TEAM = 3L56DRQ363;
				GENERATE_INFOPLIST_FILE = YES;
				MARKETING_VERSION = 1.0;
				PRODUCT_BUNDLE_IDENTIFIER = com.Haplo.BarrierUITests;
				PRODUCT_NAME = "$(TARGET_NAME)";
				SWIFT_EMIT_LOC_STRINGS = NO;
				SWIFT_VERSION = 5.0;
				TARGETED_DEVICE_FAMILY = "1,2";
				TEST_TARGET_NAME = Barrier;
			};
			name = Release;
		};
		D0AE83A92B007FD900BE514C /* Debug */ = {
			isa = XCBuildConfiguration;
			buildSettings = {
				CODE_SIGN_ENTITLEMENTS = DeviceActivityMonitorExtension/DeviceActivityMonitorExtension.entitlements;
				CODE_SIGN_STYLE = Automatic;
				CURRENT_PROJECT_VERSION = 1;
				DEVELOPMENT_TEAM = "";
				GENERATE_INFOPLIST_FILE = YES;
				INFOPLIST_FILE = DeviceActivityMonitorExtension/Info.plist;
				INFOPLIST_KEY_CFBundleDisplayName = DeviceActivityMonitorExtension;
				INFOPLIST_KEY_NSHumanReadableCopyright = "";
				LD_RUNPATH_SEARCH_PATHS = (
					"$(inherited)",
					"@executable_path/Frameworks",
					"@executable_path/../../Frameworks",
				);
				MARKETING_VERSION = 1.0;
				PRODUCT_BUNDLE_IDENTIFIER = com.Haplo.Barrier.DeviceActivityMonitorExtension;
				PRODUCT_NAME = "$(TARGET_NAME)";
				SKIP_INSTALL = YES;
				SWIFT_EMIT_LOC_STRINGS = YES;
				SWIFT_VERSION = 5.0;
				TARGETED_DEVICE_FAMILY = "1,2";
			};
			name = Debug;
		};
		D0AE83AA2B007FD900BE514C /* Release */ = {
			isa = XCBuildConfiguration;
			buildSettings = {
				CODE_SIGN_ENTITLEMENTS = DeviceActivityMonitorExtension/DeviceActivityMonitorExtension.entitlements;
				CODE_SIGN_STYLE = Automatic;
				CURRENT_PROJECT_VERSION = 1;
				DEVELOPMENT_TEAM = "";
				GENERATE_INFOPLIST_FILE = YES;
				INFOPLIST_FILE = DeviceActivityMonitorExtension/Info.plist;
				INFOPLIST_KEY_CFBundleDisplayName = DeviceActivityMonitorExtension;
				INFOPLIST_KEY_NSHumanReadableCopyright = "";
				LD_RUNPATH_SEARCH_PATHS = (
					"$(inherited)",
					"@executable_path/Frameworks",
					"@executable_path/../../Frameworks",
				);
				MARKETING_VERSION = 1.0;
				PRODUCT_BUNDLE_IDENTIFIER = com.Haplo.Barrier.DeviceActivityMonitorExtension;
				PRODUCT_NAME = "$(TARGET_NAME)";
				SKIP_INSTALL = YES;
				SWIFT_EMIT_LOC_STRINGS = YES;
				SWIFT_VERSION = 5.0;
				TARGETED_DEVICE_FAMILY = "1,2";
			};
			name = Release;
		};
/* End XCBuildConfiguration section */

/* Begin XCConfigurationList section */
		D067AD682AE8477200667162 /* Build configuration list for PBXProject "Barrier" */ = {
			isa = XCConfigurationList;
			buildConfigurations = (
				D067AD8F2AE8477400667162 /* Debug */,
				D067AD902AE8477400667162 /* Release */,
			);
			defaultConfigurationIsVisible = 0;
			defaultConfigurationName = Release;
		};
		D067AD912AE8477400667162 /* Build configuration list for PBXNativeTarget "Barrier" */ = {
			isa = XCConfigurationList;
			buildConfigurations = (
				D067AD922AE8477400667162 /* Debug */,
				D067AD932AE8477400667162 /* Release */,
			);
			defaultConfigurationIsVisible = 0;
			defaultConfigurationName = Release;
		};
		D067AD942AE8477400667162 /* Build configuration list for PBXNativeTarget "BarrierTests" */ = {
			isa = XCConfigurationList;
			buildConfigurations = (
				D067AD952AE8477400667162 /* Debug */,
				D067AD962AE8477400667162 /* Release */,
			);
			defaultConfigurationIsVisible = 0;
			defaultConfigurationName = Release;
		};
		D067AD972AE8477400667162 /* Build configuration list for PBXNativeTarget "BarrierUITests" */ = {
			isa = XCConfigurationList;
			buildConfigurations = (
				D067AD982AE8477400667162 /* Debug */,
				D067AD992AE8477400667162 /* Release */,
			);
			defaultConfigurationIsVisible = 0;
			defaultConfigurationName = Release;
		};
		D0AE83A82B007FD900BE514C /* Build configuration list for PBXNativeTarget "DeviceActivityMonitorExtension" */ = {
			isa = XCConfigurationList;
			buildConfigurations = (
				D0AE83A92B007FD900BE514C /* Debug */,
				D0AE83AA2B007FD900BE514C /* Release */,
			);
			defaultConfigurationIsVisible = 0;
			defaultConfigurationName = Release;
		};
/* End XCConfigurationList section */
	};
	rootObject = D067AD652AE8477200667162 /* Project object */;
}
